
Microsoft Visual Studio Solution File, Format Version 12.00
# Visual Studio 15
VisualStudioVersion = 15.0.27004.2009
MinimumVisualStudioVersion = 10.0.40219.1
Project("{FAE04EC0-301F-11D3-BF4B-00C04F79EFBC}") = "4MAT.Foosball", "4MAT.Foosball\4MAT.Foosball.csproj", "{4555A401-EC12-428B-AD9D-0315D8E33F29}"
EndProject
Project("{FAE04EC0-301F-11D3-BF4B-00C04F79EFBC}") = "4MAT.Data", "4MAT.Data\4MAT.Data.csproj", "{FA8779AA-4A4F-4A47-BDDD-B7F323F5C243}"
EndProject
Global
	GlobalSection(SolutionConfigurationPlatforms) = preSolution
		Debug|Any CPU = Debug|Any CPU
		Release|Any CPU = Release|Any CPU
	EndGlobalSection
	GlobalSection(ProjectConfigurationPlatforms) = postSolution
		{4555A401-EC12-428B-AD9D-0315D8E33F29}.Debug|Any CPU.ActiveCfg = Debug|Any CPU
		{4555A401-EC12-428B-AD9D-0315D8E33F29}.Debug|Any CPU.Build.0 = Debug|Any CPU
		{4555A401-EC12-428B-AD9D-0315D8E33F29}.Release|Any CPU.ActiveCfg = Release|Any CPU
		{4555A401-EC12-428B-AD9D-0315D8E33F29}.Release|Any CPU.Build.0 = Release|Any CPU
		{FA8779AA-4A4F-4A47-BDDD-B7F323F5C243}.Debug|Any CPU.ActiveCfg = Debug|Any CPU
		{FA8779AA-4A4F-4A47-BDDD-B7F323F5C243}.Debug|Any CPU.Build.0 = Debug|Any CPU
		{FA8779AA-4A4F-4A47-BDDD-B7F323F5C243}.Release|Any CPU.ActiveCfg = Release|Any CPU
		{FA8779AA-4A4F-4A47-BDDD-B7F323F5C243}.Release|Any CPU.Build.0 = Release|Any CPU
	EndGlobalSection
	GlobalSection(SolutionProperties) = preSolution
		HideSolutionNode = FALSE
	EndGlobalSection
	GlobalSection(ExtensibilityGlobals) = postSolution
		SolutionGuid = {25FD9338-01BA-4F2A-9329-2CC275837957}
	EndGlobalSection
EndGlobal
